
Microsoft Visual Studio Solution File, Format Version 12.00
# Visual Studio 15
VisualStudioVersion = 15.0.28307.489
MinimumVisualStudioVersion = 10.0.40219.1
Project("{FAE04EC0-301F-11D3-BF4B-00C04F79EFBC}") = "CSC234_login_demo", "CSC234_login_demo\CSC234_login_demo.csproj", "{3E88E486-0E87-4109-AF95-D912C0F4EC5F}"
EndProject
Global
	GlobalSection(SolutionConfigurationPlatforms) = preSolution
		Debug|Any CPU = Debug|Any CPU
		Release|Any CPU = Release|Any CPU
	EndGlobalSection
	GlobalSection(ProjectConfigurationPlatforms) = postSolution
		{3E88E486-0E87-4109-AF95-D912C0F4EC5F}.Debug|Any CPU.ActiveCfg = Debug|Any CPU
		{3E88E486-0E87-4109-AF95-D912C0F4EC5F}.Debug|Any CPU.Build.0 = Debug|Any CPU
		{3E88E486-0E87-4109-AF95-D912C0F4EC5F}.Release|Any CPU.ActiveCfg = Release|Any CPU
		{3E88E486-0E87-4109-AF95-D912C0F4EC5F}.Release|Any CPU.Build.0 = Release|Any CPU
	EndGlobalSection
	GlobalSection(SolutionProperties) = preSolution
		HideSolutionNode = FALSE
	EndGlobalSection
	GlobalSection(ExtensibilityGlobals) = postSolution
		SolutionGuid = {22475340-AE85-4AE5-AA1F-AA6FA198223A}
	EndGlobalSection
EndGlobal
